
Microsoft Visual Studio Solution File, Format Version 12.00
# Visual Studio Version 17
VisualStudioVersion = 17.5.33424.131
MinimumVisualStudioVersion = 10.0.40219.1
Project("{FAE04EC0-301F-11D3-BF4B-00C04F79EFBC}") = "clase9_par2", "clase9_par2\clase9_par2.csproj", "{F2FA1B72-240B-4421-880A-8EA3FA652FDC}"
EndProject
Global
	GlobalSection(SolutionConfigurationPlatforms) = preSolution
		Debug|Any CPU = Debug|Any CPU
		Release|Any CPU = Release|Any CPU
	EndGlobalSection
	GlobalSection(ProjectConfigurationPlatforms) = postSolution
		{F2FA1B72-240B-4421-880A-8EA3FA652FDC}.Debug|Any CPU.ActiveCfg = Debug|Any CPU
		{F2FA1B72-240B-4421-880A-8EA3FA652FDC}.Debug|Any CPU.Build.0 = Debug|Any CPU
		{F2FA1B72-240B-4421-880A-8EA3FA652FDC}.Release|Any CPU.ActiveCfg = Release|Any CPU
		{F2FA1B72-240B-4421-880A-8EA3FA652FDC}.Release|Any CPU.Build.0 = Release|Any CPU
	EndGlobalSection
	GlobalSection(SolutionProperties) = preSolution
		HideSolutionNode = FALSE
	EndGlobalSection
	GlobalSection(ExtensibilityGlobals) = postSolution
		SolutionGuid = {AE587536-5FB1-4B72-B208-7BFB01ADE197}
	EndGlobalSection
EndGlobal
